
Microsoft Visual Studio Solution File, Format Version 12.00
# Visual Studio Version 17
VisualStudioVersion = 17.5.002.0
MinimumVisualStudioVersion = 10.0.40219.1
Project("{9A19103F-16F7-4668-BE54-9A1E7A4F7556}") = "FunctionChallenges", "FunctionChallenges.csproj", "{B8D82AA2-C44D-490D-90A2-A263C6AA07BF}"
EndProject
Global
	GlobalSection(SolutionConfigurationPlatforms) = preSolution
		Debug|Any CPU = Debug|Any CPU
		Release|Any CPU = Release|Any CPU
	EndGlobalSection
	GlobalSection(ProjectConfigurationPlatforms) = postSolution
		{B8D82AA2-C44D-490D-90A2-A263C6AA07BF}.Debug|Any CPU.ActiveCfg = Debug|Any CPU
		{B8D82AA2-C44D-490D-90A2-A263C6AA07BF}.Debug|Any CPU.Build.0 = Debug|Any CPU
		{B8D82AA2-C44D-490D-90A2-A263C6AA07BF}.Release|Any CPU.ActiveCfg = Release|Any CPU
		{B8D82AA2-C44D-490D-90A2-A263C6AA07BF}.Release|Any CPU.Build.0 = Release|Any CPU
	EndGlobalSection
	GlobalSection(SolutionProperties) = preSolution
		HideSolutionNode = FALSE
	EndGlobalSection
	GlobalSection(ExtensibilityGlobals) = postSolution
		SolutionGuid = {4F538B50-06CB-4344-BCD4-D474E89BE8D7}
	EndGlobalSection
EndGlobal
